
Microsoft Visual Studio Solution File, Format Version 12.00
# Visual Studio 2012
Project("{FAE04EC0-301F-11D3-BF4B-00C04F79EFBC}") = "FirstTask", "FirstTask\FirstTask.csproj", "{C8DF2342-A9B1-4FF3-93F6-9815C0C8589E}"
EndProject
Project("{FAE04EC0-301F-11D3-BF4B-00C04F79EFBC}") = "SecondTask", "SecondTask\SecondTask.csproj", "{09C59355-599D-4F85-9DE0-4A22E66608F3}"
EndProject
Project("{FAE04EC0-301F-11D3-BF4B-00C04F79EFBC}") = "ThirdTask", "ThirdTask\ThirdTask.csproj", "{90706461-24E4-42EC-BC84-FD1C514FFB6B}"
EndProject
Project("{FAE04EC0-301F-11D3-BF4B-00C04F79EFBC}") = "FourthTask", "FourthTask\FourthTask.csproj", "{5B17B7CE-2483-40BE-A113-8916F49A3748}"
EndProject
Global
	GlobalSection(SolutionConfigurationPlatforms) = preSolution
		Debug|Any CPU = Debug|Any CPU
		Debug|ARM = Debug|ARM
		Debug|x64 = Debug|x64
		Debug|x86 = Debug|x86
		Release|Any CPU = Release|Any CPU
		Release|ARM = Release|ARM
		Release|x64 = Release|x64
		Release|x86 = Release|x86
	EndGlobalSection
	GlobalSection(ProjectConfigurationPlatforms) = postSolution
		{C8DF2342-A9B1-4FF3-93F6-9815C0C8589E}.Debug|Any CPU.ActiveCfg = Debug|Any CPU
		{C8DF2342-A9B1-4FF3-93F6-9815C0C8589E}.Debug|Any CPU.Build.0 = Debug|Any CPU
		{C8DF2342-A9B1-4FF3-93F6-9815C0C8589E}.Debug|ARM.ActiveCfg = Debug|Any CPU
		{C8DF2342-A9B1-4FF3-93F6-9815C0C8589E}.Debug|x64.ActiveCfg = Debug|Any CPU
		{C8DF2342-A9B1-4FF3-93F6-9815C0C8589E}.Debug|x86.ActiveCfg = Debug|Any CPU
		{C8DF2342-A9B1-4FF3-93F6-9815C0C8589E}.Release|Any CPU.ActiveCfg = Release|Any CPU
		{C8DF2342-A9B1-4FF3-93F6-9815C0C8589E}.Release|Any CPU.Build.0 = Release|Any CPU
		{C8DF2342-A9B1-4FF3-93F6-9815C0C8589E}.Release|ARM.ActiveCfg = Release|Any CPU
		{C8DF2342-A9B1-4FF3-93F6-9815C0C8589E}.Release|x64.ActiveCfg = Release|Any CPU
		{C8DF2342-A9B1-4FF3-93F6-9815C0C8589E}.Release|x86.ActiveCfg = Release|Any CPU
		{09C59355-599D-4F85-9DE0-4A22E66608F3}.Debug|Any CPU.ActiveCfg = Debug|Any CPU
		{09C59355-599D-4F85-9DE0-4A22E66608F3}.Debug|Any CPU.Build.0 = Debug|Any CPU
		{09C59355-599D-4F85-9DE0-4A22E66608F3}.Debug|ARM.ActiveCfg = Debug|Any CPU
		{09C59355-599D-4F85-9DE0-4A22E66608F3}.Debug|x64.ActiveCfg = Debug|Any CPU
		{09C59355-599D-4F85-9DE0-4A22E66608F3}.Debug|x86.ActiveCfg = Debug|Any CPU
		{09C59355-599D-4F85-9DE0-4A22E66608F3}.Release|Any CPU.ActiveCfg = Release|Any CPU
		{09C59355-599D-4F85-9DE0-4A22E66608F3}.Release|Any CPU.Build.0 = Release|Any CPU
		{09C59355-599D-4F85-9DE0-4A22E66608F3}.Release|ARM.ActiveCfg = Release|Any CPU
		{09C59355-599D-4F85-9DE0-4A22E66608F3}.Release|x64.ActiveCfg = Release|Any CPU
		{09C59355-599D-4F85-9DE0-4A22E66608F3}.Release|x86.ActiveCfg = Release|Any CPU
		{90706461-24E4-42EC-BC84-FD1C514FFB6B}.Debug|Any CPU.ActiveCfg = Debug|Any CPU
		{90706461-24E4-42EC-BC84-FD1C514FFB6B}.Debug|Any CPU.Build.0 = Debug|Any CPU
		{90706461-24E4-42EC-BC84-FD1C514FFB6B}.Debug|ARM.ActiveCfg = Debug|Any CPU
		{90706461-24E4-42EC-BC84-FD1C514FFB6B}.Debug|x64.ActiveCfg = Debug|Any CPU
		{90706461-24E4-42EC-BC84-FD1C514FFB6B}.Debug|x86.ActiveCfg = Debug|Any CPU
		{90706461-24E4-42EC-BC84-FD1C514FFB6B}.Release|Any CPU.ActiveCfg = Release|Any CPU
		{90706461-24E4-42EC-BC84-FD1C514FFB6B}.Release|Any CPU.Build.0 = Release|Any CPU
		{90706461-24E4-42EC-BC84-FD1C514FFB6B}.Release|ARM.ActiveCfg = Release|Any CPU
		{90706461-24E4-42EC-BC84-FD1C514FFB6B}.Release|x64.ActiveCfg = Release|Any CPU
		{90706461-24E4-42EC-BC84-FD1C514FFB6B}.Release|x86.ActiveCfg = Release|Any CPU
		{5B17B7CE-2483-40BE-A113-8916F49A3748}.Debug|Any CPU.ActiveCfg = Debug|Any CPU
		{5B17B7CE-2483-40BE-A113-8916F49A3748}.Debug|Any CPU.Build.0 = Debug|Any CPU
		{5B17B7CE-2483-40BE-A113-8916F49A3748}.Debug|ARM.ActiveCfg = Debug|Any CPU
		{5B17B7CE-2483-40BE-A113-8916F49A3748}.Debug|x64.ActiveCfg = Debug|Any CPU
		{5B17B7CE-2483-40BE-A113-8916F49A3748}.Debug|x86.ActiveCfg = Debug|Any CPU
		{5B17B7CE-2483-40BE-A113-8916F49A3748}.Release|Any CPU.ActiveCfg = Release|Any CPU
		{5B17B7CE-2483-40BE-A113-8916F49A3748}.Release|Any CPU.Build.0 = Release|Any CPU
		{5B17B7CE-2483-40BE-A113-8916F49A3748}.Release|ARM.ActiveCfg = Release|Any CPU
		{5B17B7CE-2483-40BE-A113-8916F49A3748}.Release|x64.ActiveCfg = Release|Any CPU
		{5B17B7CE-2483-40BE-A113-8916F49A3748}.Release|x86.ActiveCfg = Release|Any CPU
	EndGlobalSection
	GlobalSection(SolutionProperties) = preSolution
		HideSolutionNode = FALSE
	EndGlobalSection
EndGlobal
