
Microsoft Visual Studio Solution File, Format Version 12.00
# Visual Studio 2012
Project("{FAE04EC0-301F-11D3-BF4B-00C04F79EFBC}") = "TextBoxSelection", "TextBoxSelection\TextBoxSelection.csproj", "{0FE7E407-92E4-4290-9D58-4CCE0B7F8C95}"
EndProject
Project("{FAE04EC0-301F-11D3-BF4B-00C04F79EFBC}") = "CountButtonClicks", "CountButtonClicks\CountButtonClicks.csproj", "{1F5D886D-0B08-4873-936D-42C7F3F0C9A0}"
EndProject
Project("{FAE04EC0-301F-11D3-BF4B-00C04F79EFBC}") = "ItemCollectionVisualisation", "ItemCollectionVisualisation\ItemCollectionVisualisation.csproj", "{EDA96B6C-A012-4B2F-A89A-4C23CFC6F881}"
EndProject
Project("{FAE04EC0-301F-11D3-BF4B-00C04F79EFBC}") = "ComboBoxItemsDisplay", "ComboBoxItemsDisplay\ComboBoxItemsDisplay.csproj", "{92579C07-A952-488B-A246-6B25FEF1A4A2}"
EndProject
Project("{FAE04EC0-301F-11D3-BF4B-00C04F79EFBC}") = "ListViewWithColumns", "ListViewWithColumns\ListViewWithColumns.csproj", "{27512CAF-0ED0-409C-A49F-CCE38BC7FC0F}"
EndProject
Project("{FAE04EC0-301F-11D3-BF4B-00C04F79EFBC}") = "SimpleWordPad", "SimpleWordPad\SimpleWordPad.csproj", "{7F774F9A-EEF1-4076-A753-0B34D6D881C3}"
EndProject
Global
	GlobalSection(SolutionConfigurationPlatforms) = preSolution
		Debug|Any CPU = Debug|Any CPU
		Release|Any CPU = Release|Any CPU
	EndGlobalSection
	GlobalSection(ProjectConfigurationPlatforms) = postSolution
		{0FE7E407-92E4-4290-9D58-4CCE0B7F8C95}.Debug|Any CPU.ActiveCfg = Debug|Any CPU
		{0FE7E407-92E4-4290-9D58-4CCE0B7F8C95}.Debug|Any CPU.Build.0 = Debug|Any CPU
		{0FE7E407-92E4-4290-9D58-4CCE0B7F8C95}.Release|Any CPU.ActiveCfg = Release|Any CPU
		{0FE7E407-92E4-4290-9D58-4CCE0B7F8C95}.Release|Any CPU.Build.0 = Release|Any CPU
		{1F5D886D-0B08-4873-936D-42C7F3F0C9A0}.Debug|Any CPU.ActiveCfg = Debug|Any CPU
		{1F5D886D-0B08-4873-936D-42C7F3F0C9A0}.Debug|Any CPU.Build.0 = Debug|Any CPU
		{1F5D886D-0B08-4873-936D-42C7F3F0C9A0}.Release|Any CPU.ActiveCfg = Release|Any CPU
		{1F5D886D-0B08-4873-936D-42C7F3F0C9A0}.Release|Any CPU.Build.0 = Release|Any CPU
		{EDA96B6C-A012-4B2F-A89A-4C23CFC6F881}.Debug|Any CPU.ActiveCfg = Debug|Any CPU
		{EDA96B6C-A012-4B2F-A89A-4C23CFC6F881}.Debug|Any CPU.Build.0 = Debug|Any CPU
		{EDA96B6C-A012-4B2F-A89A-4C23CFC6F881}.Release|Any CPU.ActiveCfg = Release|Any CPU
		{EDA96B6C-A012-4B2F-A89A-4C23CFC6F881}.Release|Any CPU.Build.0 = Release|Any CPU
		{92579C07-A952-488B-A246-6B25FEF1A4A2}.Debug|Any CPU.ActiveCfg = Debug|Any CPU
		{92579C07-A952-488B-A246-6B25FEF1A4A2}.Debug|Any CPU.Build.0 = Debug|Any CPU
		{92579C07-A952-488B-A246-6B25FEF1A4A2}.Release|Any CPU.ActiveCfg = Release|Any CPU
		{92579C07-A952-488B-A246-6B25FEF1A4A2}.Release|Any CPU.Build.0 = Release|Any CPU
		{27512CAF-0ED0-409C-A49F-CCE38BC7FC0F}.Debug|Any CPU.ActiveCfg = Debug|Any CPU
		{27512CAF-0ED0-409C-A49F-CCE38BC7FC0F}.Debug|Any CPU.Build.0 = Debug|Any CPU
		{27512CAF-0ED0-409C-A49F-CCE38BC7FC0F}.Release|Any CPU.ActiveCfg = Release|Any CPU
		{27512CAF-0ED0-409C-A49F-CCE38BC7FC0F}.Release|Any CPU.Build.0 = Release|Any CPU
		{7F774F9A-EEF1-4076-A753-0B34D6D881C3}.Debug|Any CPU.ActiveCfg = Debug|Any CPU
		{7F774F9A-EEF1-4076-A753-0B34D6D881C3}.Debug|Any CPU.Build.0 = Debug|Any CPU
		{7F774F9A-EEF1-4076-A753-0B34D6D881C3}.Release|Any CPU.ActiveCfg = Release|Any CPU
		{7F774F9A-EEF1-4076-A753-0B34D6D881C3}.Release|Any CPU.Build.0 = Release|Any CPU
	EndGlobalSection
	GlobalSection(SolutionProperties) = preSolution
		HideSolutionNode = FALSE
	EndGlobalSection
EndGlobal
