
Microsoft Visual Studio Solution File, Format Version 12.00
# Visual Studio 2012
Project("{FAE04EC0-301F-11D3-BF4B-00C04F79EFBC}") = "School", "School\School.csproj", "{D18E9846-FB8A-4236-BD09-FD8BCCB93905}"
EndProject
Project("{FAE04EC0-301F-11D3-BF4B-00C04F79EFBC}") = "TestSchool", "TestSchool\TestSchool.csproj", "{BE9DE080-AA18-4166-B556-689A2538E158}"
EndProject
Global
	GlobalSection(SolutionConfigurationPlatforms) = preSolution
		Debug|Any CPU = Debug|Any CPU
		Release|Any CPU = Release|Any CPU
	EndGlobalSection
	GlobalSection(ProjectConfigurationPlatforms) = postSolution
		{D18E9846-FB8A-4236-BD09-FD8BCCB93905}.Debug|Any CPU.ActiveCfg = Debug|Any CPU
		{D18E9846-FB8A-4236-BD09-FD8BCCB93905}.Debug|Any CPU.Build.0 = Debug|Any CPU
		{D18E9846-FB8A-4236-BD09-FD8BCCB93905}.Release|Any CPU.ActiveCfg = Release|Any CPU
		{D18E9846-FB8A-4236-BD09-FD8BCCB93905}.Release|Any CPU.Build.0 = Release|Any CPU
		{BE9DE080-AA18-4166-B556-689A2538E158}.Debug|Any CPU.ActiveCfg = Debug|Any CPU
		{BE9DE080-AA18-4166-B556-689A2538E158}.Debug|Any CPU.Build.0 = Debug|Any CPU
		{BE9DE080-AA18-4166-B556-689A2538E158}.Release|Any CPU.ActiveCfg = Release|Any CPU
		{BE9DE080-AA18-4166-B556-689A2538E158}.Release|Any CPU.Build.0 = Release|Any CPU
	EndGlobalSection
	GlobalSection(SolutionProperties) = preSolution
		HideSolutionNode = FALSE
	EndGlobalSection
EndGlobal
