
Microsoft Visual Studio Solution File, Format Version 12.00
# Visual Studio 2012
Project("{FAE04EC0-301F-11D3-BF4B-00C04F79EFBC}") = "GreaterValueExchange", "GreaterValueExchange\GreaterValueExchange.csproj", "{A4D1D5D1-5293-44A0-92FB-41E3D65AF22A}"
EndProject
Project("{FAE04EC0-301F-11D3-BF4B-00C04F79EFBC}") = "SingOfProductOfThreeRealNumbers", "SingOfProductOfThreeRealNumbers\SingOfProductOfThreeRealNumbers.csproj", "{83CF637A-C19F-4F40-901F-676E0A6108B7}"
EndProject
Project("{FAE04EC0-301F-11D3-BF4B-00C04F79EFBC}") = "BiggestIntegerOfThree", "BiggestIntegerOfThree\BiggestIntegerOfThree.csproj", "{5AB288AD-0E65-478E-A9A2-639C77BCAB9E}"
EndProject
Project("{FAE04EC0-301F-11D3-BF4B-00C04F79EFBC}") = "ThreeNumbersSort", "ThreeNumbersSort\ThreeNumbersSort.csproj", "{F78EEF82-CD5C-4298-9830-A2136603CF1A}"
EndProject
Project("{FAE04EC0-301F-11D3-BF4B-00C04F79EFBC}") = "DigitsInEnglish", "DigitsInEnglish\DigitsInEnglish.csproj", "{23A0152D-2ECD-4589-A830-3A86037D6C59}"
EndProject
Project("{FAE04EC0-301F-11D3-BF4B-00C04F79EFBC}") = "QuadraticEquasion", "QuadraticEquasion\QuadraticEquasion.csproj", "{55E678DF-7D9A-4E06-9683-C5953BD256D2}"
EndProject
Project("{FAE04EC0-301F-11D3-BF4B-00C04F79EFBC}") = "GreatestOfFive", "GreatestOfFive\GreatestOfFive.csproj", "{80940B0A-8E6D-4388-A615-62CE8DCA4978}"
EndProject
Project("{FAE04EC0-301F-11D3-BF4B-00C04F79EFBC}") = "AppendOrIncrementVarible", "AppendOrIncrementVarible\AppendOrIncrementVarible.csproj", "{7D2D45F3-1955-4E62-BC3A-DFC4B0B2719F}"
EndProject
Project("{FAE04EC0-301F-11D3-BF4B-00C04F79EFBC}") = "SubsetZero", "SubsetZero\SubsetZero.csproj", "{6231D4B0-AE88-4C17-B2EC-48FEDFE9996B}"
EndProject
Project("{FAE04EC0-301F-11D3-BF4B-00C04F79EFBC}") = "BonusScores", "BonusScores\BonusScores.csproj", "{08377263-C230-49D9-9B59-0381C5CA4969}"
EndProject
Project("{FAE04EC0-301F-11D3-BF4B-00C04F79EFBC}") = "NumbersToString", "NumbersToString\NumbersToString.csproj", "{B4B3CAE8-B5B6-46E7-8D6C-0D515941453E}"
EndProject
Global
	GlobalSection(SolutionConfigurationPlatforms) = preSolution
		Debug|Any CPU = Debug|Any CPU
		Release|Any CPU = Release|Any CPU
	EndGlobalSection
	GlobalSection(ProjectConfigurationPlatforms) = postSolution
		{A4D1D5D1-5293-44A0-92FB-41E3D65AF22A}.Debug|Any CPU.ActiveCfg = Debug|Any CPU
		{A4D1D5D1-5293-44A0-92FB-41E3D65AF22A}.Debug|Any CPU.Build.0 = Debug|Any CPU
		{A4D1D5D1-5293-44A0-92FB-41E3D65AF22A}.Release|Any CPU.ActiveCfg = Release|Any CPU
		{A4D1D5D1-5293-44A0-92FB-41E3D65AF22A}.Release|Any CPU.Build.0 = Release|Any CPU
		{83CF637A-C19F-4F40-901F-676E0A6108B7}.Debug|Any CPU.ActiveCfg = Debug|Any CPU
		{83CF637A-C19F-4F40-901F-676E0A6108B7}.Debug|Any CPU.Build.0 = Debug|Any CPU
		{83CF637A-C19F-4F40-901F-676E0A6108B7}.Release|Any CPU.ActiveCfg = Release|Any CPU
		{83CF637A-C19F-4F40-901F-676E0A6108B7}.Release|Any CPU.Build.0 = Release|Any CPU
		{5AB288AD-0E65-478E-A9A2-639C77BCAB9E}.Debug|Any CPU.ActiveCfg = Debug|Any CPU
		{5AB288AD-0E65-478E-A9A2-639C77BCAB9E}.Debug|Any CPU.Build.0 = Debug|Any CPU
		{5AB288AD-0E65-478E-A9A2-639C77BCAB9E}.Release|Any CPU.ActiveCfg = Release|Any CPU
		{5AB288AD-0E65-478E-A9A2-639C77BCAB9E}.Release|Any CPU.Build.0 = Release|Any CPU
		{F78EEF82-CD5C-4298-9830-A2136603CF1A}.Debug|Any CPU.ActiveCfg = Debug|Any CPU
		{F78EEF82-CD5C-4298-9830-A2136603CF1A}.Debug|Any CPU.Build.0 = Debug|Any CPU
		{F78EEF82-CD5C-4298-9830-A2136603CF1A}.Release|Any CPU.ActiveCfg = Release|Any CPU
		{F78EEF82-CD5C-4298-9830-A2136603CF1A}.Release|Any CPU.Build.0 = Release|Any CPU
		{23A0152D-2ECD-4589-A830-3A86037D6C59}.Debug|Any CPU.ActiveCfg = Debug|Any CPU
		{23A0152D-2ECD-4589-A830-3A86037D6C59}.Debug|Any CPU.Build.0 = Debug|Any CPU
		{23A0152D-2ECD-4589-A830-3A86037D6C59}.Release|Any CPU.ActiveCfg = Release|Any CPU
		{23A0152D-2ECD-4589-A830-3A86037D6C59}.Release|Any CPU.Build.0 = Release|Any CPU
		{55E678DF-7D9A-4E06-9683-C5953BD256D2}.Debug|Any CPU.ActiveCfg = Debug|Any CPU
		{55E678DF-7D9A-4E06-9683-C5953BD256D2}.Debug|Any CPU.Build.0 = Debug|Any CPU
		{55E678DF-7D9A-4E06-9683-C5953BD256D2}.Release|Any CPU.ActiveCfg = Release|Any CPU
		{55E678DF-7D9A-4E06-9683-C5953BD256D2}.Release|Any CPU.Build.0 = Release|Any CPU
		{80940B0A-8E6D-4388-A615-62CE8DCA4978}.Debug|Any CPU.ActiveCfg = Debug|Any CPU
		{80940B0A-8E6D-4388-A615-62CE8DCA4978}.Debug|Any CPU.Build.0 = Debug|Any CPU
		{80940B0A-8E6D-4388-A615-62CE8DCA4978}.Release|Any CPU.ActiveCfg = Release|Any CPU
		{80940B0A-8E6D-4388-A615-62CE8DCA4978}.Release|Any CPU.Build.0 = Release|Any CPU
		{7D2D45F3-1955-4E62-BC3A-DFC4B0B2719F}.Debug|Any CPU.ActiveCfg = Debug|Any CPU
		{7D2D45F3-1955-4E62-BC3A-DFC4B0B2719F}.Debug|Any CPU.Build.0 = Debug|Any CPU
		{7D2D45F3-1955-4E62-BC3A-DFC4B0B2719F}.Release|Any CPU.ActiveCfg = Release|Any CPU
		{7D2D45F3-1955-4E62-BC3A-DFC4B0B2719F}.Release|Any CPU.Build.0 = Release|Any CPU
		{6231D4B0-AE88-4C17-B2EC-48FEDFE9996B}.Debug|Any CPU.ActiveCfg = Debug|Any CPU
		{6231D4B0-AE88-4C17-B2EC-48FEDFE9996B}.Debug|Any CPU.Build.0 = Debug|Any CPU
		{6231D4B0-AE88-4C17-B2EC-48FEDFE9996B}.Release|Any CPU.ActiveCfg = Release|Any CPU
		{6231D4B0-AE88-4C17-B2EC-48FEDFE9996B}.Release|Any CPU.Build.0 = Release|Any CPU
		{08377263-C230-49D9-9B59-0381C5CA4969}.Debug|Any CPU.ActiveCfg = Debug|Any CPU
		{08377263-C230-49D9-9B59-0381C5CA4969}.Debug|Any CPU.Build.0 = Debug|Any CPU
		{08377263-C230-49D9-9B59-0381C5CA4969}.Release|Any CPU.ActiveCfg = Release|Any CPU
		{08377263-C230-49D9-9B59-0381C5CA4969}.Release|Any CPU.Build.0 = Release|Any CPU
		{B4B3CAE8-B5B6-46E7-8D6C-0D515941453E}.Debug|Any CPU.ActiveCfg = Debug|Any CPU
		{B4B3CAE8-B5B6-46E7-8D6C-0D515941453E}.Debug|Any CPU.Build.0 = Debug|Any CPU
		{B4B3CAE8-B5B6-46E7-8D6C-0D515941453E}.Release|Any CPU.ActiveCfg = Release|Any CPU
		{B4B3CAE8-B5B6-46E7-8D6C-0D515941453E}.Release|Any CPU.Build.0 = Release|Any CPU
	EndGlobalSection
	GlobalSection(SolutionProperties) = preSolution
		HideSolutionNode = FALSE
	EndGlobalSection
EndGlobal
