
Microsoft Visual Studio Solution File, Format Version 12.00
# Visual Studio 2012
Project("{FAE04EC0-301F-11D3-BF4B-00C04F79EFBC}") = "BattleShips", "BattleShips\BattleShips.csproj", "{C98224E8-E2CB-490A-85EA-8E71BF5B5062}"
EndProject
Global
	GlobalSection(TeamFoundationVersionControl) = preSolution
		SccNumberOfProjects = 2
		SccEnterpriseProvider = {4CA58AB2-18FA-4F8D-95D4-32DDF27D184C}
		SccTeamFoundationServer = https://penchev.visualstudio.com/defaultcollection
		SccLocalPath0 = .
		SccProjectUniqueName1 = BattleShips\\BattleShips.csproj
		SccProjectName1 = BattleShips
		SccLocalPath1 = BattleShips
	EndGlobalSection
	GlobalSection(SolutionConfigurationPlatforms) = preSolution
		Debug|Any CPU = Debug|Any CPU
		Release|Any CPU = Release|Any CPU
	EndGlobalSection
	GlobalSection(ProjectConfigurationPlatforms) = postSolution
		{C98224E8-E2CB-490A-85EA-8E71BF5B5062}.Debug|Any CPU.ActiveCfg = Debug|Any CPU
		{C98224E8-E2CB-490A-85EA-8E71BF5B5062}.Debug|Any CPU.Build.0 = Debug|Any CPU
		{C98224E8-E2CB-490A-85EA-8E71BF5B5062}.Release|Any CPU.ActiveCfg = Release|Any CPU
		{C98224E8-E2CB-490A-85EA-8E71BF5B5062}.Release|Any CPU.Build.0 = Release|Any CPU
	EndGlobalSection
	GlobalSection(SolutionProperties) = preSolution
		HideSolutionNode = FALSE
	EndGlobalSection
EndGlobal
