
Microsoft Visual Studio Solution File, Format Version 12.00
# Visual Studio 2012
Project("{FAE04EC0-301F-11D3-BF4B-00C04F79EFBC}") = "FirstTask", "FirstTask\FirstTask.csproj", "{6D73E5A3-6227-47A5-AC14-C09348D85ADE}"
EndProject
Project("{FAE04EC0-301F-11D3-BF4B-00C04F79EFBC}") = "SecondTask", "SecondTask\SecondTask.csproj", "{8C49E6E3-947F-4715-996D-9B3B0CA7A966}"
EndProject
Project("{FAE04EC0-301F-11D3-BF4B-00C04F79EFBC}") = "ThirdTask", "ThirdTask\ThirdTask.csproj", "{C833FA61-09D5-48B5-A206-2101EA27501E}"
EndProject
Project("{FAE04EC0-301F-11D3-BF4B-00C04F79EFBC}") = "FourthTask", "FourthTask\FourthTask.csproj", "{E146D7FB-FC68-4449-A9DB-D5B08E14B51F}"
EndProject
Global
	GlobalSection(SolutionConfigurationPlatforms) = preSolution
		Debug|Any CPU = Debug|Any CPU
		Release|Any CPU = Release|Any CPU
	EndGlobalSection
	GlobalSection(ProjectConfigurationPlatforms) = postSolution
		{6D73E5A3-6227-47A5-AC14-C09348D85ADE}.Debug|Any CPU.ActiveCfg = Debug|Any CPU
		{6D73E5A3-6227-47A5-AC14-C09348D85ADE}.Debug|Any CPU.Build.0 = Debug|Any CPU
		{6D73E5A3-6227-47A5-AC14-C09348D85ADE}.Release|Any CPU.ActiveCfg = Release|Any CPU
		{6D73E5A3-6227-47A5-AC14-C09348D85ADE}.Release|Any CPU.Build.0 = Release|Any CPU
		{8C49E6E3-947F-4715-996D-9B3B0CA7A966}.Debug|Any CPU.ActiveCfg = Debug|Any CPU
		{8C49E6E3-947F-4715-996D-9B3B0CA7A966}.Debug|Any CPU.Build.0 = Debug|Any CPU
		{8C49E6E3-947F-4715-996D-9B3B0CA7A966}.Release|Any CPU.ActiveCfg = Release|Any CPU
		{8C49E6E3-947F-4715-996D-9B3B0CA7A966}.Release|Any CPU.Build.0 = Release|Any CPU
		{C833FA61-09D5-48B5-A206-2101EA27501E}.Debug|Any CPU.ActiveCfg = Debug|Any CPU
		{C833FA61-09D5-48B5-A206-2101EA27501E}.Debug|Any CPU.Build.0 = Debug|Any CPU
		{C833FA61-09D5-48B5-A206-2101EA27501E}.Release|Any CPU.ActiveCfg = Release|Any CPU
		{C833FA61-09D5-48B5-A206-2101EA27501E}.Release|Any CPU.Build.0 = Release|Any CPU
		{E146D7FB-FC68-4449-A9DB-D5B08E14B51F}.Debug|Any CPU.ActiveCfg = Debug|Any CPU
		{E146D7FB-FC68-4449-A9DB-D5B08E14B51F}.Debug|Any CPU.Build.0 = Debug|Any CPU
		{E146D7FB-FC68-4449-A9DB-D5B08E14B51F}.Release|Any CPU.ActiveCfg = Release|Any CPU
		{E146D7FB-FC68-4449-A9DB-D5B08E14B51F}.Release|Any CPU.Build.0 = Release|Any CPU
	EndGlobalSection
	GlobalSection(SolutionProperties) = preSolution
		HideSolutionNode = FALSE
	EndGlobalSection
EndGlobal
